
Microsoft Visual Studio Solution File, Format Version 12.00
# Visual Studio 15
VisualStudioVersion = 15.0.26730.16
MinimumVisualStudioVersion = 10.0.40219.1
Project("{FAE04EC0-301F-11D3-BF4B-00C04F79EFBC}") = "Server", "Server\Server.csproj", "{CBCB859C-A193-4B1C-A2EE-A96480B71B14}"
EndProject
Project("{FAE04EC0-301F-11D3-BF4B-00C04F79EFBC}") = "ClientWindowsForms", "ClientWindowsForms\ClientWindowsForms.csproj", "{FEA789DC-A726-4B05-B3F3-14546D909269}"
EndProject
Global
	GlobalSection(SolutionConfigurationPlatforms) = preSolution
		Debug|Any CPU = Debug|Any CPU
		Release|Any CPU = Release|Any CPU
	EndGlobalSection
	GlobalSection(ProjectConfigurationPlatforms) = postSolution
		{CBCB859C-A193-4B1C-A2EE-A96480B71B14}.Debug|Any CPU.ActiveCfg = Debug|Any CPU
		{CBCB859C-A193-4B1C-A2EE-A96480B71B14}.Debug|Any CPU.Build.0 = Debug|Any CPU
		{CBCB859C-A193-4B1C-A2EE-A96480B71B14}.Release|Any CPU.ActiveCfg = Release|Any CPU
		{CBCB859C-A193-4B1C-A2EE-A96480B71B14}.Release|Any CPU.Build.0 = Release|Any CPU
		{FEA789DC-A726-4B05-B3F3-14546D909269}.Debug|Any CPU.ActiveCfg = Debug|Any CPU
		{FEA789DC-A726-4B05-B3F3-14546D909269}.Debug|Any CPU.Build.0 = Debug|Any CPU
		{FEA789DC-A726-4B05-B3F3-14546D909269}.Release|Any CPU.ActiveCfg = Release|Any CPU
		{FEA789DC-A726-4B05-B3F3-14546D909269}.Release|Any CPU.Build.0 = Release|Any CPU
	EndGlobalSection
	GlobalSection(SolutionProperties) = preSolution
		HideSolutionNode = FALSE
	EndGlobalSection
	GlobalSection(ExtensibilityGlobals) = postSolution
		SolutionGuid = {276C954A-268D-43E8-B6A9-858F437DAA48}
	EndGlobalSection
EndGlobal
