
Microsoft Visual Studio Solution File, Format Version 12.00
# Visual Studio 15
VisualStudioVersion = 15.0.26730.16
MinimumVisualStudioVersion = 10.0.40219.1
Project("{FAE04EC0-301F-11D3-BF4B-00C04F79EFBC}") = "Server", "Server\Server.csproj", "{CBCB859C-A193-4B1C-A2EE-A96480B71B14}"
EndProject
Project("{FAE04EC0-301F-11D3-BF4B-00C04F79EFBC}") = "ClientWindowsForms", "ClientWindowsForms\ClientWindowsForms.csproj", "{FEA789DC-A726-4B05-B3F3-14546D909269}"
EndProject
Project("{FAE04EC0-301F-11D3-BF4B-00C04F79EFBC}") = "ClientXamarinForms.Android", "ClientXamarinForms\ClientXamarinForms.Android\ClientXamarinForms.Android.csproj", "{54A216A1-1B4B-4017-8103-590687CAF6F4}"
EndProject
Project("{FAE04EC0-301F-11D3-BF4B-00C04F79EFBC}") = "ClientXamarinForms.iOS", "ClientXamarinForms\ClientXamarinForms.iOS\ClientXamarinForms.iOS.csproj", "{C029141A-0B8C-49A4-A2AE-7328F4320D41}"
EndProject
Project("{FAE04EC0-301F-11D3-BF4B-00C04F79EFBC}") = "ClientXamarinForms.UWP", "ClientXamarinForms\ClientXamarinForms.UWP\ClientXamarinForms.UWP.csproj", "{C18C1085-4F94-4A4D-A9C2-E84E299F66A3}"
EndProject
Project("{FAE04EC0-301F-11D3-BF4B-00C04F79EFBC}") = "ClientXamarinForms", "ClientXamarinForms\ClientXamarinForms\ClientXamarinForms.csproj", "{FDE6E082-F7E4-4EBF-AEB5-4F7CBD422C23}"
EndProject
Global
	GlobalSection(SolutionConfigurationPlatforms) = preSolution
		Debug|Any CPU = Debug|Any CPU
		Debug|ARM = Debug|ARM
		Debug|iPhone = Debug|iPhone
		Debug|iPhoneSimulator = Debug|iPhoneSimulator
		Debug|x64 = Debug|x64
		Debug|x86 = Debug|x86
		Release|Any CPU = Release|Any CPU
		Release|ARM = Release|ARM
		Release|iPhone = Release|iPhone
		Release|iPhoneSimulator = Release|iPhoneSimulator
		Release|x64 = Release|x64
		Release|x86 = Release|x86
	EndGlobalSection
	GlobalSection(ProjectConfigurationPlatforms) = postSolution
		{CBCB859C-A193-4B1C-A2EE-A96480B71B14}.Debug|Any CPU.ActiveCfg = Debug|Any CPU
		{CBCB859C-A193-4B1C-A2EE-A96480B71B14}.Debug|Any CPU.Build.0 = Debug|Any CPU
		{CBCB859C-A193-4B1C-A2EE-A96480B71B14}.Debug|ARM.ActiveCfg = Debug|Any CPU
		{CBCB859C-A193-4B1C-A2EE-A96480B71B14}.Debug|ARM.Build.0 = Debug|Any CPU
		{CBCB859C-A193-4B1C-A2EE-A96480B71B14}.Debug|iPhone.ActiveCfg = Debug|Any CPU
		{CBCB859C-A193-4B1C-A2EE-A96480B71B14}.Debug|iPhone.Build.0 = Debug|Any CPU
		{CBCB859C-A193-4B1C-A2EE-A96480B71B14}.Debug|iPhoneSimulator.ActiveCfg = Debug|Any CPU
		{CBCB859C-A193-4B1C-A2EE-A96480B71B14}.Debug|iPhoneSimulator.Build.0 = Debug|Any CPU
		{CBCB859C-A193-4B1C-A2EE-A96480B71B14}.Debug|x64.ActiveCfg = Debug|Any CPU
		{CBCB859C-A193-4B1C-A2EE-A96480B71B14}.Debug|x64.Build.0 = Debug|Any CPU
		{CBCB859C-A193-4B1C-A2EE-A96480B71B14}.Debug|x86.ActiveCfg = Debug|Any CPU
		{CBCB859C-A193-4B1C-A2EE-A96480B71B14}.Debug|x86.Build.0 = Debug|Any CPU
		{CBCB859C-A193-4B1C-A2EE-A96480B71B14}.Release|Any CPU.ActiveCfg = Release|Any CPU
		{CBCB859C-A193-4B1C-A2EE-A96480B71B14}.Release|Any CPU.Build.0 = Release|Any CPU
		{CBCB859C-A193-4B1C-A2EE-A96480B71B14}.Release|ARM.ActiveCfg = Release|Any CPU
		{CBCB859C-A193-4B1C-A2EE-A96480B71B14}.Release|ARM.Build.0 = Release|Any CPU
		{CBCB859C-A193-4B1C-A2EE-A96480B71B14}.Release|iPhone.ActiveCfg = Release|Any CPU
		{CBCB859C-A193-4B1C-A2EE-A96480B71B14}.Release|iPhone.Build.0 = Release|Any CPU
		{CBCB859C-A193-4B1C-A2EE-A96480B71B14}.Release|iPhoneSimulator.ActiveCfg = Release|Any CPU
		{CBCB859C-A193-4B1C-A2EE-A96480B71B14}.Release|iPhoneSimulator.Build.0 = Release|Any CPU
		{CBCB859C-A193-4B1C-A2EE-A96480B71B14}.Release|x64.ActiveCfg = Release|Any CPU
		{CBCB859C-A193-4B1C-A2EE-A96480B71B14}.Release|x64.Build.0 = Release|Any CPU
		{CBCB859C-A193-4B1C-A2EE-A96480B71B14}.Release|x86.ActiveCfg = Release|Any CPU
		{CBCB859C-A193-4B1C-A2EE-A96480B71B14}.Release|x86.Build.0 = Release|Any CPU
		{FEA789DC-A726-4B05-B3F3-14546D909269}.Debug|Any CPU.ActiveCfg = Debug|Any CPU
		{FEA789DC-A726-4B05-B3F3-14546D909269}.Debug|Any CPU.Build.0 = Debug|Any CPU
		{FEA789DC-A726-4B05-B3F3-14546D909269}.Debug|ARM.ActiveCfg = Debug|Any CPU
		{FEA789DC-A726-4B05-B3F3-14546D909269}.Debug|ARM.Build.0 = Debug|Any CPU
		{FEA789DC-A726-4B05-B3F3-14546D909269}.Debug|iPhone.ActiveCfg = Debug|Any CPU
		{FEA789DC-A726-4B05-B3F3-14546D909269}.Debug|iPhone.Build.0 = Debug|Any CPU
		{FEA789DC-A726-4B05-B3F3-14546D909269}.Debug|iPhoneSimulator.ActiveCfg = Debug|Any CPU
		{FEA789DC-A726-4B05-B3F3-14546D909269}.Debug|iPhoneSimulator.Build.0 = Debug|Any CPU
		{FEA789DC-A726-4B05-B3F3-14546D909269}.Debug|x64.ActiveCfg = Debug|Any CPU
		{FEA789DC-A726-4B05-B3F3-14546D909269}.Debug|x64.Build.0 = Debug|Any CPU
		{FEA789DC-A726-4B05-B3F3-14546D909269}.Debug|x86.ActiveCfg = Debug|Any CPU
		{FEA789DC-A726-4B05-B3F3-14546D909269}.Debug|x86.Build.0 = Debug|Any CPU
		{FEA789DC-A726-4B05-B3F3-14546D909269}.Release|Any CPU.ActiveCfg = Release|Any CPU
		{FEA789DC-A726-4B05-B3F3-14546D909269}.Release|Any CPU.Build.0 = Release|Any CPU
		{FEA789DC-A726-4B05-B3F3-14546D909269}.Release|ARM.ActiveCfg = Release|Any CPU
		{FEA789DC-A726-4B05-B3F3-14546D909269}.Release|ARM.Build.0 = Release|Any CPU
		{FEA789DC-A726-4B05-B3F3-14546D909269}.Release|iPhone.ActiveCfg = Release|Any CPU
		{FEA789DC-A726-4B05-B3F3-14546D909269}.Release|iPhone.Build.0 = Release|Any CPU
		{FEA789DC-A726-4B05-B3F3-14546D909269}.Release|iPhoneSimulator.ActiveCfg = Release|Any CPU
		{FEA789DC-A726-4B05-B3F3-14546D909269}.Release|iPhoneSimulator.Build.0 = Release|Any CPU
		{FEA789DC-A726-4B05-B3F3-14546D909269}.Release|x64.ActiveCfg = Release|Any CPU
		{FEA789DC-A726-4B05-B3F3-14546D909269}.Release|x64.Build.0 = Release|Any CPU
		{FEA789DC-A726-4B05-B3F3-14546D909269}.Release|x86.ActiveCfg = Release|Any CPU
		{FEA789DC-A726-4B05-B3F3-14546D909269}.Release|x86.Build.0 = Release|Any CPU
		{54A216A1-1B4B-4017-8103-590687CAF6F4}.Debug|Any CPU.ActiveCfg = Debug|Any CPU
		{54A216A1-1B4B-4017-8103-590687CAF6F4}.Debug|Any CPU.Build.0 = Debug|Any CPU
		{54A216A1-1B4B-4017-8103-590687CAF6F4}.Debug|Any CPU.Deploy.0 = Debug|Any CPU
		{54A216A1-1B4B-4017-8103-590687CAF6F4}.Debug|ARM.ActiveCfg = Debug|Any CPU
		{54A216A1-1B4B-4017-8103-590687CAF6F4}.Debug|ARM.Build.0 = Debug|Any CPU
		{54A216A1-1B4B-4017-8103-590687CAF6F4}.Debug|ARM.Deploy.0 = Debug|Any CPU
		{54A216A1-1B4B-4017-8103-590687CAF6F4}.Debug|iPhone.ActiveCfg = Debug|Any CPU
		{54A216A1-1B4B-4017-8103-590687CAF6F4}.Debug|iPhone.Build.0 = Debug|Any CPU
		{54A216A1-1B4B-4017-8103-590687CAF6F4}.Debug|iPhone.Deploy.0 = Debug|Any CPU
		{54A216A1-1B4B-4017-8103-590687CAF6F4}.Debug|iPhoneSimulator.ActiveCfg = Debug|Any CPU
		{54A216A1-1B4B-4017-8103-590687CAF6F4}.Debug|iPhoneSimulator.Build.0 = Debug|Any CPU
		{54A216A1-1B4B-4017-8103-590687CAF6F4}.Debug|iPhoneSimulator.Deploy.0 = Debug|Any CPU
		{54A216A1-1B4B-4017-8103-590687CAF6F4}.Debug|x64.ActiveCfg = Debug|Any CPU
		{54A216A1-1B4B-4017-8103-590687CAF6F4}.Debug|x64.Build.0 = Debug|Any CPU
		{54A216A1-1B4B-4017-8103-590687CAF6F4}.Debug|x64.Deploy.0 = Debug|Any CPU
		{54A216A1-1B4B-4017-8103-590687CAF6F4}.Debug|x86.ActiveCfg = Debug|Any CPU
		{54A216A1-1B4B-4017-8103-590687CAF6F4}.Debug|x86.Build.0 = Debug|Any CPU
		{54A216A1-1B4B-4017-8103-590687CAF6F4}.Debug|x86.Deploy.0 = Debug|Any CPU
		{54A216A1-1B4B-4017-8103-590687CAF6F4}.Release|Any CPU.ActiveCfg = Release|Any CPU
		{54A216A1-1B4B-4017-8103-590687CAF6F4}.Release|Any CPU.Build.0 = Release|Any CPU
		{54A216A1-1B4B-4017-8103-590687CAF6F4}.Release|Any CPU.Deploy.0 = Release|Any CPU
		{54A216A1-1B4B-4017-8103-590687CAF6F4}.Release|ARM.ActiveCfg = Release|Any CPU
		{54A216A1-1B4B-4017-8103-590687CAF6F4}.Release|ARM.Build.0 = Release|Any CPU
		{54A216A1-1B4B-4017-8103-590687CAF6F4}.Release|ARM.Deploy.0 = Release|Any CPU
		{54A216A1-1B4B-4017-8103-590687CAF6F4}.Release|iPhone.ActiveCfg = Release|Any CPU
		{54A216A1-1B4B-4017-8103-590687CAF6F4}.Release|iPhone.Build.0 = Release|Any CPU
		{54A216A1-1B4B-4017-8103-590687CAF6F4}.Release|iPhone.Deploy.0 = Release|Any CPU
		{54A216A1-1B4B-4017-8103-590687CAF6F4}.Release|iPhoneSimulator.ActiveCfg = Release|Any CPU
		{54A216A1-1B4B-4017-8103-590687CAF6F4}.Release|iPhoneSimulator.Build.0 = Release|Any CPU
		{54A216A1-1B4B-4017-8103-590687CAF6F4}.Release|iPhoneSimulator.Deploy.0 = Release|Any CPU
		{54A216A1-1B4B-4017-8103-590687CAF6F4}.Release|x64.ActiveCfg = Release|Any CPU
		{54A216A1-1B4B-4017-8103-590687CAF6F4}.Release|x64.Build.0 = Release|Any CPU
		{54A216A1-1B4B-4017-8103-590687CAF6F4}.Release|x64.Deploy.0 = Release|Any CPU
		{54A216A1-1B4B-4017-8103-590687CAF6F4}.Release|x86.ActiveCfg = Release|Any CPU
		{54A216A1-1B4B-4017-8103-590687CAF6F4}.Release|x86.Build.0 = Release|Any CPU
		{54A216A1-1B4B-4017-8103-590687CAF6F4}.Release|x86.Deploy.0 = Release|Any CPU
		{C029141A-0B8C-49A4-A2AE-7328F4320D41}.Debug|Any CPU.ActiveCfg = Debug|iPhone
		{C029141A-0B8C-49A4-A2AE-7328F4320D41}.Debug|ARM.ActiveCfg = Debug|iPhone
		{C029141A-0B8C-49A4-A2AE-7328F4320D41}.Debug|iPhone.ActiveCfg = Debug|iPhone
		{C029141A-0B8C-49A4-A2AE-7328F4320D41}.Debug|iPhone.Build.0 = Debug|iPhone
		{C029141A-0B8C-49A4-A2AE-7328F4320D41}.Debug|iPhoneSimulator.ActiveCfg = Debug|iPhoneSimulator
		{C029141A-0B8C-49A4-A2AE-7328F4320D41}.Debug|iPhoneSimulator.Build.0 = Debug|iPhoneSimulator
		{C029141A-0B8C-49A4-A2AE-7328F4320D41}.Debug|x64.ActiveCfg = Debug|iPhone
		{C029141A-0B8C-49A4-A2AE-7328F4320D41}.Debug|x86.ActiveCfg = Debug|iPhone
		{C029141A-0B8C-49A4-A2AE-7328F4320D41}.Release|Any CPU.ActiveCfg = Release|iPhone
		{C029141A-0B8C-49A4-A2AE-7328F4320D41}.Release|ARM.ActiveCfg = Release|iPhone
		{C029141A-0B8C-49A4-A2AE-7328F4320D41}.Release|iPhone.ActiveCfg = Release|iPhone
		{C029141A-0B8C-49A4-A2AE-7328F4320D41}.Release|iPhone.Build.0 = Release|iPhone
		{C029141A-0B8C-49A4-A2AE-7328F4320D41}.Release|iPhoneSimulator.ActiveCfg = Release|iPhoneSimulator
		{C029141A-0B8C-49A4-A2AE-7328F4320D41}.Release|iPhoneSimulator.Build.0 = Release|iPhoneSimulator
		{C029141A-0B8C-49A4-A2AE-7328F4320D41}.Release|x64.ActiveCfg = Release|iPhone
		{C029141A-0B8C-49A4-A2AE-7328F4320D41}.Release|x86.ActiveCfg = Release|iPhone
		{C18C1085-4F94-4A4D-A9C2-E84E299F66A3}.Debug|Any CPU.ActiveCfg = Debug|x86
		{C18C1085-4F94-4A4D-A9C2-E84E299F66A3}.Debug|ARM.ActiveCfg = Debug|ARM
		{C18C1085-4F94-4A4D-A9C2-E84E299F66A3}.Debug|ARM.Build.0 = Debug|ARM
		{C18C1085-4F94-4A4D-A9C2-E84E299F66A3}.Debug|ARM.Deploy.0 = Debug|ARM
		{C18C1085-4F94-4A4D-A9C2-E84E299F66A3}.Debug|iPhone.ActiveCfg = Debug|x86
		{C18C1085-4F94-4A4D-A9C2-E84E299F66A3}.Debug|iPhoneSimulator.ActiveCfg = Debug|x86
		{C18C1085-4F94-4A4D-A9C2-E84E299F66A3}.Debug|x64.ActiveCfg = Debug|x64
		{C18C1085-4F94-4A4D-A9C2-E84E299F66A3}.Debug|x64.Build.0 = Debug|x64
		{C18C1085-4F94-4A4D-A9C2-E84E299F66A3}.Debug|x64.Deploy.0 = Debug|x64
		{C18C1085-4F94-4A4D-A9C2-E84E299F66A3}.Debug|x86.ActiveCfg = Debug|x86
		{C18C1085-4F94-4A4D-A9C2-E84E299F66A3}.Debug|x86.Build.0 = Debug|x86
		{C18C1085-4F94-4A4D-A9C2-E84E299F66A3}.Debug|x86.Deploy.0 = Debug|x86
		{C18C1085-4F94-4A4D-A9C2-E84E299F66A3}.Release|Any CPU.ActiveCfg = Release|x86
		{C18C1085-4F94-4A4D-A9C2-E84E299F66A3}.Release|ARM.ActiveCfg = Release|ARM
		{C18C1085-4F94-4A4D-A9C2-E84E299F66A3}.Release|ARM.Build.0 = Release|ARM
		{C18C1085-4F94-4A4D-A9C2-E84E299F66A3}.Release|ARM.Deploy.0 = Release|ARM
		{C18C1085-4F94-4A4D-A9C2-E84E299F66A3}.Release|iPhone.ActiveCfg = Release|x86
		{C18C1085-4F94-4A4D-A9C2-E84E299F66A3}.Release|iPhoneSimulator.ActiveCfg = Release|x86
		{C18C1085-4F94-4A4D-A9C2-E84E299F66A3}.Release|x64.ActiveCfg = Release|x64
		{C18C1085-4F94-4A4D-A9C2-E84E299F66A3}.Release|x64.Build.0 = Release|x64
		{C18C1085-4F94-4A4D-A9C2-E84E299F66A3}.Release|x64.Deploy.0 = Release|x64
		{C18C1085-4F94-4A4D-A9C2-E84E299F66A3}.Release|x86.ActiveCfg = Release|x86
		{C18C1085-4F94-4A4D-A9C2-E84E299F66A3}.Release|x86.Build.0 = Release|x86
		{C18C1085-4F94-4A4D-A9C2-E84E299F66A3}.Release|x86.Deploy.0 = Release|x86
		{FDE6E082-F7E4-4EBF-AEB5-4F7CBD422C23}.Debug|Any CPU.ActiveCfg = Debug|Any CPU
		{FDE6E082-F7E4-4EBF-AEB5-4F7CBD422C23}.Debug|Any CPU.Build.0 = Debug|Any CPU
		{FDE6E082-F7E4-4EBF-AEB5-4F7CBD422C23}.Debug|ARM.ActiveCfg = Debug|Any CPU
		{FDE6E082-F7E4-4EBF-AEB5-4F7CBD422C23}.Debug|ARM.Build.0 = Debug|Any CPU
		{FDE6E082-F7E4-4EBF-AEB5-4F7CBD422C23}.Debug|iPhone.ActiveCfg = Debug|Any CPU
		{FDE6E082-F7E4-4EBF-AEB5-4F7CBD422C23}.Debug|iPhone.Build.0 = Debug|Any CPU
		{FDE6E082-F7E4-4EBF-AEB5-4F7CBD422C23}.Debug|iPhoneSimulator.ActiveCfg = Debug|Any CPU
		{FDE6E082-F7E4-4EBF-AEB5-4F7CBD422C23}.Debug|iPhoneSimulator.Build.0 = Debug|Any CPU
		{FDE6E082-F7E4-4EBF-AEB5-4F7CBD422C23}.Debug|x64.ActiveCfg = Debug|Any CPU
		{FDE6E082-F7E4-4EBF-AEB5-4F7CBD422C23}.Debug|x64.Build.0 = Debug|Any CPU
		{FDE6E082-F7E4-4EBF-AEB5-4F7CBD422C23}.Debug|x86.ActiveCfg = Debug|Any CPU
		{FDE6E082-F7E4-4EBF-AEB5-4F7CBD422C23}.Debug|x86.Build.0 = Debug|Any CPU
		{FDE6E082-F7E4-4EBF-AEB5-4F7CBD422C23}.Release|Any CPU.ActiveCfg = Release|Any CPU
		{FDE6E082-F7E4-4EBF-AEB5-4F7CBD422C23}.Release|Any CPU.Build.0 = Release|Any CPU
		{FDE6E082-F7E4-4EBF-AEB5-4F7CBD422C23}.Release|ARM.ActiveCfg = Release|Any CPU
		{FDE6E082-F7E4-4EBF-AEB5-4F7CBD422C23}.Release|ARM.Build.0 = Release|Any CPU
		{FDE6E082-F7E4-4EBF-AEB5-4F7CBD422C23}.Release|iPhone.ActiveCfg = Release|Any CPU
		{FDE6E082-F7E4-4EBF-AEB5-4F7CBD422C23}.Release|iPhone.Build.0 = Release|Any CPU
		{FDE6E082-F7E4-4EBF-AEB5-4F7CBD422C23}.Release|iPhoneSimulator.ActiveCfg = Release|Any CPU
		{FDE6E082-F7E4-4EBF-AEB5-4F7CBD422C23}.Release|iPhoneSimulator.Build.0 = Release|Any CPU
		{FDE6E082-F7E4-4EBF-AEB5-4F7CBD422C23}.Release|x64.ActiveCfg = Release|Any CPU
		{FDE6E082-F7E4-4EBF-AEB5-4F7CBD422C23}.Release|x64.Build.0 = Release|Any CPU
		{FDE6E082-F7E4-4EBF-AEB5-4F7CBD422C23}.Release|x86.ActiveCfg = Release|Any CPU
		{FDE6E082-F7E4-4EBF-AEB5-4F7CBD422C23}.Release|x86.Build.0 = Release|Any CPU
	EndGlobalSection
	GlobalSection(SolutionProperties) = preSolution
		HideSolutionNode = FALSE
	EndGlobalSection
	GlobalSection(ExtensibilityGlobals) = postSolution
		SolutionGuid = {276C954A-268D-43E8-B6A9-858F437DAA48}
	EndGlobalSection
EndGlobal
